
Microsoft Visual Studio Solution File, Format Version 12.00
# Visual Studio Version 17
VisualStudioVersion = 17.14.36518.9
MinimumVisualStudioVersion = 10.0.40219.1
Project("{FAE04EC0-301F-11D3-BF4B-00C04F79EFBC}") = "ASM.Server", "ASM.Server\ASM.Server.csproj", "{8BCF5045-3526-4C22-BF7E-E52CE85C9E29}"
EndProject
Project("{54A90642-561A-4BB1-A94E-469ADEE60C69}") = "asm.client", "asm.client\asm.client.esproj", "{FB010513-6D77-16F9-8F4F-BC650220037A}"
EndProject
Global
	GlobalSection(SolutionConfigurationPlatforms) = preSolution
		Debug|Any CPU = Debug|Any CPU
		Release|Any CPU = Release|Any CPU
	EndGlobalSection
	GlobalSection(ProjectConfigurationPlatforms) = postSolution
		{8BCF5045-3526-4C22-BF7E-E52CE85C9E29}.Debug|Any CPU.ActiveCfg = Debug|Any CPU
		{8BCF5045-3526-4C22-BF7E-E52CE85C9E29}.Debug|Any CPU.Build.0 = Debug|Any CPU
		{8BCF5045-3526-4C22-BF7E-E52CE85C9E29}.Release|Any CPU.ActiveCfg = Release|Any CPU
		{8BCF5045-3526-4C22-BF7E-E52CE85C9E29}.Release|Any CPU.Build.0 = Release|Any CPU
		{FB010513-6D77-16F9-8F4F-BC650220037A}.Debug|Any CPU.ActiveCfg = Debug|Any CPU
		{FB010513-6D77-16F9-8F4F-BC650220037A}.Debug|Any CPU.Build.0 = Debug|Any CPU
		{FB010513-6D77-16F9-8F4F-BC650220037A}.Debug|Any CPU.Deploy.0 = Debug|Any CPU
		{FB010513-6D77-16F9-8F4F-BC650220037A}.Release|Any CPU.ActiveCfg = Release|Any CPU
		{FB010513-6D77-16F9-8F4F-BC650220037A}.Release|Any CPU.Build.0 = Release|Any CPU
		{FB010513-6D77-16F9-8F4F-BC650220037A}.Release|Any CPU.Deploy.0 = Release|Any CPU
	EndGlobalSection
	GlobalSection(SolutionProperties) = preSolution
		HideSolutionNode = FALSE
	EndGlobalSection
	GlobalSection(ExtensibilityGlobals) = postSolution
		SolutionGuid = {E369BF34-D41F-4F07-B668-C52EC6B0E237}
	EndGlobalSection
EndGlobal
